
Microsoft Visual Studio Solution File, Format Version 12.00
# Visual Studio 15
VisualStudioVersion = 15.0.33026.149
MinimumVisualStudioVersion = 10.0.40219.1
Project("{FAE04EC0-301F-11D3-BF4B-00C04F79EFBC}") = "SiteDeVendasMVC", "SiteDeVendasMVC\SiteDeVendasMVC.csproj", "{69B7DBFE-CA39-43CD-A894-9E38083C0C8B}"
EndProject
Global
	GlobalSection(SolutionConfigurationPlatforms) = preSolution
		Debug|Any CPU = Debug|Any CPU
		Release|Any CPU = Release|Any CPU
	EndGlobalSection
	GlobalSection(ProjectConfigurationPlatforms) = postSolution
		{69B7DBFE-CA39-43CD-A894-9E38083C0C8B}.Debug|Any CPU.ActiveCfg = Debug|Any CPU
		{69B7DBFE-CA39-43CD-A894-9E38083C0C8B}.Debug|Any CPU.Build.0 = Debug|Any CPU
		{69B7DBFE-CA39-43CD-A894-9E38083C0C8B}.Release|Any CPU.ActiveCfg = Release|Any CPU
		{69B7DBFE-CA39-43CD-A894-9E38083C0C8B}.Release|Any CPU.Build.0 = Release|Any CPU
	EndGlobalSection
	GlobalSection(SolutionProperties) = preSolution
		HideSolutionNode = FALSE
	EndGlobalSection
	GlobalSection(ExtensibilityGlobals) = postSolution
		SolutionGuid = {B0F38459-EBAC-4326-8DE0-6DBCA5D90DCD}
	EndGlobalSection
EndGlobal
